// !$*UTF8*$!
{
	archiveVersion = 1;
	classes = {
	};
	objectVersion = 50;
	objects = {

/* Begin PBXBuildFile section */
		093E1D17E5EFD3DFB451004F /* libPods-NativeForIos.a in Frameworks */ = {isa = PBXBuildFile; fileRef = 2ECF635BA40CF121C95CB96D /* libPods-NativeForIos.a */; };
		7ECC5E4321FAFEC900FB0B4A /* main.jsbundle in Resources */ = {isa = PBXBuildFile; fileRef = 7ECC5E4221FAFEC900FB0B4A /* main.jsbundle */; };
		7EEC13A921F9B9E60087CA8C /* AppDelegate.m in Sources */ = {isa = PBXBuildFile; fileRef = 7EEC13A821F9B9E60087CA8C /* AppDelegate.m */; };
		7EEC13AC21F9B9E60087CA8C /* ViewController.m in Sources */ = {isa = PBXBuildFile; fileRef = 7EEC13AB21F9B9E60087CA8C /* ViewController.m */; };
		7EEC13AF21F9B9E60087CA8C /* Main.storyboard in Resources */ = {isa = PBXBuildFile; fileRef = 7EEC13AD21F9B9E60087CA8C /* Main.storyboard */; };
		7EEC13B121F9B9E80087CA8C /* Assets.xcassets in Resources */ = {isa = PBXBuildFile; fileRef = 7EEC13B021F9B9E80087CA8C /* Assets.xcassets */; };
		7EEC13B421F9B9E80087CA8C /* LaunchScreen.storyboard in Resources */ = {isa = PBXBuildFile; fileRef = 7EEC13B221F9B9E80087CA8C /* LaunchScreen.storyboard */; };
		7EEC13B721F9B9E80087CA8C /* main.m in Sources */ = {isa = PBXBuildFile; fileRef = 7EEC13B621F9B9E80087CA8C /* main.m */; };
/* End PBXBuildFile section */

/* Begin PBXFileReference section */
		20586AF4510A2314D07665AA /* Pods-NativeForIos.release.xcconfig */ = {isa = PBXFileReference; includeInIndex = 1; lastKnownFileType = text.xcconfig; name = "Pods-NativeForIos.release.xcconfig"; path = "Pods/Target Support Files/Pods-NativeForIos/Pods-NativeForIos.release.xcconfig"; sourceTree = "<group>"; };
		2ECF635BA40CF121C95CB96D /* libPods-NativeForIos.a */ = {isa = PBXFileReference; explicitFileType = archive.ar; includeInIndex = 0; path = "libPods-NativeForIos.a"; sourceTree = BUILT_PRODUCTS_DIR; };
		7ECC5E4221FAFEC900FB0B4A /* main.jsbundle */ = {isa = PBXFileReference; fileEncoding = 4; lastKnownFileType = text; path = main.jsbundle; sourceTree = "<group>"; };
		7EEC13A421F9B9E60087CA8C /* NativeForIos.app */ = {isa = PBXFileReference; explicitFileType = wrapper.application; includeInIndex = 0; path = NativeForIos.app; sourceTree = BUILT_PRODUCTS_DIR; };
		7EEC13A721F9B9E60087CA8C /* AppDelegate.h */ = {isa = PBXFileReference; lastKnownFileType = sourcecode.c.h; path = AppDelegate.h; sourceTree = "<group>"; };
		7EEC13A821F9B9E60087CA8C /* AppDelegate.m */ = {isa = PBXFileReference; lastKnownFileType = sourcecode.c.objc; path = AppDelegate.m; sourceTree = "<group>"; };
		7EEC13AA21F9B9E60087CA8C /* ViewController.h */ = {isa = PBXFileReference; lastKnownFileType = sourcecode.c.h; path = ViewController.h; sourceTree = "<group>"; };
		7EEC13AB21F9B9E60087CA8C /* ViewController.m */ = {isa = PBXFileReference; lastKnownFileType = sourcecode.c.objc; path = ViewController.m; sourceTree = "<group>"; };
		7EEC13AE21F9B9E60087CA8C /* Base */ = {isa = PBXFileReference; lastKnownFileType = file.storyboard; name = Base; path = Base.lproj/Main.storyboard; sourceTree = "<group>"; };
		7EEC13B021F9B9E80087CA8C /* Assets.xcassets */ = {isa = PBXFileReference; lastKnownFileType = folder.assetcatalog; path = Assets.xcassets; sourceTree = "<group>"; };
		7EEC13B321F9B9E80087CA8C /* Base */ = {isa = PBXFileReference; lastKnownFileType = file.storyboard; name = Base; path = Base.lproj/LaunchScreen.storyboard; sourceTree = "<group>"; };
		7EEC13B521F9B9E80087CA8C /* Info.plist */ = {isa = PBXFileReference; lastKnownFileType = text.plist.xml; path = Info.plist; sourceTree = "<group>"; };
		7EEC13B621F9B9E80087CA8C /* main.m */ = {isa = PBXFileReference; lastKnownFileType = sourcecode.c.objc; path = main.m; sourceTree = "<group>"; };
		EDA1E62AA847ECE941A20516 /* Pods-NativeForIos.debug.xcconfig */ = {isa = PBXFileReference; includeInIndex = 1; lastKnownFileType = text.xcconfig; name = "Pods-NativeForIos.debug.xcconfig"; path = "Pods/Target Support Files/Pods-NativeForIos/Pods-NativeForIos.debug.xcconfig"; sourceTree = "<group>"; };
/* End PBXFileReference section */

/* Begin PBXFrameworksBuildPhase section */
		7EEC13A121F9B9E60087CA8C /* Frameworks */ = {
			isa = PBXFrameworksBuildPhase;
			buildActionMask = 2147483647;
			files = (
				093E1D17E5EFD3DFB451004F /* libPods-NativeForIos.a in Frameworks */,
			);
			runOnlyForDeploymentPostprocessing = 0;
		};
/* End PBXFrameworksBuildPhase section */

/* Begin PBXGroup section */
		7EEC139B21F9B9E60087CA8C = {
			isa = PBXGroup;
			children = (
				7EEC13A621F9B9E60087CA8C /* NativeForIos */,
				7EEC13A521F9B9E60087CA8C /* Products */,
				815DA61D28739551C9F42646 /* Pods */,
				D6C16E6A99DB254C31A73D02 /* Frameworks */,
			);
			sourceTree = "<group>";
			wrapsLines = 1;
		};
		7EEC13A521F9B9E60087CA8C /* Products */ = {
			isa = PBXGroup;
			children = (
				7EEC13A421F9B9E60087CA8C /* NativeForIos.app */,
			);
			name = Products;
			sourceTree = "<group>";
		};
		7EEC13A621F9B9E60087CA8C /* NativeForIos */ = {
			isa = PBXGroup;
			children = (
				7ECC5E4221FAFEC900FB0B4A /* main.jsbundle */,
				7EEC13A721F9B9E60087CA8C /* AppDelegate.h */,
				7EEC13A821F9B9E60087CA8C /* AppDelegate.m */,
				7EEC13AA21F9B9E60087CA8C /* ViewController.h */,
				7EEC13AB21F9B9E60087CA8C /* ViewController.m */,
				7EEC13AD21F9B9E60087CA8C /* Main.storyboard */,
				7EEC13B021F9B9E80087CA8C /* Assets.xcassets */,
				7EEC13B221F9B9E80087CA8C /* LaunchScreen.storyboard */,
				7EEC13B521F9B9E80087CA8C /* Info.plist */,
				7EEC13B621F9B9E80087CA8C /* main.m */,
			);
			path = NativeForIos;
			sourceTree = "<group>";
		};
		815DA61D28739551C9F42646 /* Pods */ = {
			isa = PBXGroup;
			children = (
				EDA1E62AA847ECE941A20516 /* Pods-NativeForIos.debug.xcconfig */,
				20586AF4510A2314D07665AA /* Pods-NativeForIos.release.xcconfig */,
			);
			name = Pods;
			sourceTree = "<group>";
		};
		D6C16E6A99DB254C31A73D02 /* Frameworks */ = {
			isa = PBXGroup;
			children = (
				2ECF635BA40CF121C95CB96D /* libPods-NativeForIos.a */,
			);
			name = Frameworks;
			sourceTree = "<group>";
		};
/* End PBXGroup section */

/* Begin PBXNativeTarget section */
		7EEC13A321F9B9E60087CA8C /* NativeForIos */ = {
			isa = PBXNativeTarget;
			buildConfigurationList = 7EEC13BA21F9B9E80087CA8C /* Build configuration list for PBXNativeTarget "NativeForIos" */;
			buildPhases = (
				404EA1EA34F1EB39874ED844 /* [CP] Check Pods Manifest.lock */,
				7EEC13A021F9B9E60087CA8C /* Sources */,
				7EEC13A121F9B9E60087CA8C /* Frameworks */,
				7EEC13A221F9B9E60087CA8C /* Resources */,
			);
			buildRules = (
			);
			dependencies = (
			);
			name = NativeForIos;
			productName = NativeForIos;
			productReference = 7EEC13A421F9B9E60087CA8C /* NativeForIos.app */;
			productType = "com.apple.product-type.application";
		};
/* End PBXNativeTarget section */

/* Begin PBXProject section */
		7EEC139C21F9B9E60087CA8C /* Project object */ = {
			isa = PBXProject;
			attributes = {
				LastUpgradeCheck = 1010;
				ORGANIZATIONNAME = "张恒";
				TargetAttributes = {
					7EEC13A321F9B9E60087CA8C = {
						CreatedOnToolsVersion = 10.1;
					};
				};
			};
			buildConfigurationList = 7EEC139F21F9B9E60087CA8C /* Build configuration list for PBXProject "NativeForIos" */;
			compatibilityVersion = "Xcode 9.3";
			developmentRegion = en;
			hasScannedForEncodings = 0;
			knownRegions = (
				en,
				Base,
			);
			mainGroup = 7EEC139B21F9B9E60087CA8C;
			productRefGroup = 7EEC13A521F9B9E60087CA8C /* Products */;
			projectDirPath = "";
			projectRoot = "";
			targets = (
				7EEC13A321F9B9E60087CA8C /* NativeForIos */,
			);
		};
/* End PBXProject section */

/* Begin PBXResourcesBuildPhase section */
		7EEC13A221F9B9E60087CA8C /* Resources */ = {
			isa = PBXResourcesBuildPhase;
			buildActionMask = 2147483647;
			files = (
				7EEC13B421F9B9E80087CA8C /* LaunchScreen.storyboard in Resources */,
				7EEC13B121F9B9E80087CA8C /* Assets.xcassets in Resources */,
				7EEC13AF21F9B9E60087CA8C /* Main.storyboard in Resources */,
				7ECC5E4321FAFEC900FB0B4A /* main.jsbundle in Resources */,
			);
			runOnlyForDeploymentPostprocessing = 0;
		};
/* End PBXResourcesBuildPhase section */

/* Begin PBXShellScriptBuildPhase section */
		404EA1EA34F1EB39874ED844 /* [CP] Check Pods Manifest.lock */ = {
			isa = PBXShellScriptBuildPhase;
			buildActionMask = 2147483647;
			files = (
			);
			inputFileListPaths = (
			);
			inputPaths = (
				"${PODS_PODFILE_DIR_PATH}/Podfile.lock",
				"${PODS_ROOT}/Manifest.lock",
			);
			name = "[CP] Check Pods Manifest.lock";
			outputFileListPaths = (
			);
			outputPaths = (
				"$(DERIVED_FILE_DIR)/Pods-NativeForIos-checkManifestLockResult.txt",
			);
			runOnlyForDeploymentPostprocessing = 0;
			shellPath = /bin/sh;
			shellScript = "diff \"${PODS_PODFILE_DIR_PATH}/Podfile.lock\" \"${PODS_ROOT}/Manifest.lock\" > /dev/null\nif [ $? != 0 ] ; then\n    # print error to STDERR\n    echo \"error: The sandbox is not in sync with the Podfile.lock. Run 'pod install' or update your CocoaPods installation.\" >&2\n    exit 1\nfi\n# This output is used by Xcode 'outputs' to avoid re-running this script phase.\necho \"SUCCESS\" > \"${SCRIPT_OUTPUT_FILE_0}\"\n";
			showEnvVarsInLog = 0;
		};
/* End PBXShellScriptBuildPhase section */

/* Begin PBXSourcesBuildPhase section */
		7EEC13A021F9B9E60087CA8C /* Sources */ = {
			isa = PBXSourcesBuildPhase;
			buildActionMask = 2147483647;
			files = (
				7EEC13AC21F9B9E60087CA8C /* ViewController.m in Sources */,
				7EEC13B721F9B9E80087CA8C /* main.m in Sources */,
				7EEC13A921F9B9E60087CA8C /* AppDelegate.m in Sources */,
			);
			runOnlyForDeploymentPostprocessing = 0;
		};
/* End PBXSourcesBuildPhase section */

/* Begin PBXVariantGroup section */
		7EEC13AD21F9B9E60087CA8C /* Main.storyboard */ = {
			isa = PBXVariantGroup;
			children = (
				7EEC13AE21F9B9E60087CA8C /* Base */,
			);
			name = Main.storyboard;
			sourceTree = "<group>";
		};
		7EEC13B221F9B9E80087CA8C /* LaunchScreen.storyboard */ = {
			isa = PBXVariantGroup;
			children = (
				7EEC13B321F9B9E80087CA8C /* Base */,
			);
			name = LaunchScreen.storyboard;
			sourceTree = "<group>";
		};
/* End PBXVariantGroup section */

/* Begin XCBuildConfiguration section */
		7EEC13B821F9B9E80087CA8C /* Debug */ = {
			isa = XCBuildConfiguration;
			buildSettings = {
				ALWAYS_SEARCH_USER_PATHS = NO;
				CLANG_ANALYZER_NONNULL = YES;
				CLANG_ANALYZER_NUMBER_OBJECT_CONVERSION = YES_AGGRESSIVE;
				CLANG_CXX_LANGUAGE_STANDARD = "gnu++14";
				CLANG_CXX_LIBRARY = "libc++";
				CLANG_ENABLE_MODULES = YES;
				CLANG_ENABLE_OBJC_ARC = YES;
				CLANG_ENABLE_OBJC_WEAK = YES;
				CLANG_WARN_BLOCK_CAPTURE_AUTORELEASING = YES;
				CLANG_WARN_BOOL_CONVERSION = YES;
				CLANG_WARN_COMMA = YES;
				CLANG_WARN_CONSTANT_CONVERSION = YES;
				CLANG_WARN_DEPRECATED_OBJC_IMPLEMENTATIONS = YES;
				CLANG_WARN_DIRECT_OBJC_ISA_USAGE = YES_ERROR;
				CLANG_WARN_DOCUMENTATION_COMMENTS = YES;
				CLANG_WARN_EMPTY_BODY = YES;
				CLANG_WARN_ENUM_CONVERSION = YES;
				CLANG_WARN_INFINITE_RECURSION = YES;
				CLANG_WARN_INT_CONVERSION = YES;
				CLANG_WARN_NON_LITERAL_NULL_CONVERSION = YES;
				CLANG_WARN_OBJC_IMPLICIT_RETAIN_SELF = YES;
				CLANG_WARN_OBJC_LITERAL_CONVERSION = YES;
				CLANG_WARN_OBJC_ROOT_CLASS = YES_ERROR;
				CLANG_WARN_RANGE_LOOP_ANALYSIS = YES;
				CLANG_WARN_STRICT_PROTOTYPES = YES;
				CLANG_WARN_SUSPICIOUS_MOVE = YES;
				CLANG_WARN_UNGUARDED_AVAILABILITY = YES_AGGRESSIVE;
				CLANG_WARN_UNREACHABLE_CODE = YES;
				CLANG_WARN__DUPLICATE_METHOD_MATCH = YES;
				CODE_SIGN_IDENTITY = "iPhone Developer";
				COPY_PHASE_STRIP = NO;
				DEBUG_INFORMATION_FORMAT = dwarf;
				ENABLE_STRICT_OBJC_MSGSEND = YES;
				ENABLE_TESTABILITY = YES;
				GCC_C_LANGUAGE_STANDARD = gnu11;
				GCC_DYNAMIC_NO_PIC = NO;
				GCC_NO_COMMON_BLOCKS = YES;
				GCC_OPTIMIZATION_LEVEL = 0;
				GCC_PREPROCESSOR_DEFINITIONS = (
					"DEBUG=1",
					"$(inherited)",
				);
				GCC_WARN_64_TO_32_BIT_CONVERSION = YES;
				GCC_WARN_ABOUT_RETURN_TYPE = YES_ERROR;
				GCC_WARN_UNDECLARED_SELECTOR = YES;
				GCC_WARN_UNINITIALIZED_AUTOS = YES_AGGRESSIVE;
				GCC_WARN_UNUSED_FUNCTION = YES;
				GCC_WARN_UNUSED_VARIABLE = YES;
				IPHONEOS_DEPLOYMENT_TARGET = 12.1;
				MTL_ENABLE_DEBUG_INFO = INCLUDE_SOURCE;
				MTL_FAST_MATH = YES;
				ONLY_ACTIVE_ARCH = YES;
				SDKROOT = iphoneos;
			};
			name = Debug;
		};
		7EEC13B921F9B9E80087CA8C /* Release */ = {
			isa = XCBuildConfiguration;
			buildSettings = {
				ALWAYS_SEARCH_USER_PATHS = NO;
				CLANG_ANALYZER_NONNULL = YES;
				CLANG_ANALYZER_NUMBER_OBJECT_CONVERSION = YES_AGGRESSIVE;
				CLANG_CXX_LANGUAGE_STANDARD = "gnu++14";
				CLANG_CXX_LIBRARY = "libc++";
				CLANG_ENABLE_MODULES = YES;
				CLANG_ENABLE_OBJC_ARC = YES;
				CLANG_ENABLE_OBJC_WEAK = YES;
				CLANG_WARN_BLOCK_CAPTURE_AUTORELEASING = YES;
				CLANG_WARN_BOOL_CONVERSION = YES;
				CLANG_WARN_COMMA = YES;
				CLANG_WARN_CONSTANT_CONVERSION = YES;
				CLANG_WARN_DEPRECATED_OBJC_IMPLEMENTATIONS = YES;
				CLANG_WARN_DIRECT_OBJC_ISA_USAGE = YES_ERROR;
				CLANG_WARN_DOCUMENTATION_COMMENTS = YES;
				CLANG_WARN_EMPTY_BODY = YES;
				CLANG_WARN_ENUM_CONVERSION = YES;
				CLANG_WARN_INFINITE_RECURSION = YES;
				CLANG_WARN_INT_CONVERSION = YES;
				CLANG_WARN_NON_LITERAL_NULL_CONVERSION = YES;
				CLANG_WARN_OBJC_IMPLICIT_RETAIN_SELF = YES;
				CLANG_WARN_OBJC_LITERAL_CONVERSION = YES;
				CLANG_WARN_OBJC_ROOT_CLASS = YES_ERROR;
				CLANG_WARN_RANGE_LOOP_ANALYSIS = YES;
				CLANG_WARN_STRICT_PROTOTYPES = YES;
				CLANG_WARN_SUSPICIOUS_MOVE = YES;
				CLANG_WARN_UNGUARDED_AVAILABILITY = YES_AGGRESSIVE;
				CLANG_WARN_UNREACHABLE_CODE = YES;
				CLANG_WARN__DUPLICATE_METHOD_MATCH = YES;
				CODE_SIGN_IDENTITY = "iPhone Developer";
				COPY_PHASE_STRIP = NO;
				DEBUG_INFORMATION_FORMAT = "dwarf-with-dsym";
				ENABLE_NS_ASSERTIONS = NO;
				ENABLE_STRICT_OBJC_MSGSEND = YES;
				GCC_C_LANGUAGE_STANDARD = gnu11;
				GCC_NO_COMMON_BLOCKS = YES;
				GCC_WARN_64_TO_32_BIT_CONVERSION = YES;
				GCC_WARN_ABOUT_RETURN_TYPE = YES_ERROR;
				GCC_WARN_UNDECLARED_SELECTOR = YES;
				GCC_WARN_UNINITIALIZED_AUTOS = YES_AGGRESSIVE;
				GCC_WARN_UNUSED_FUNCTION = YES;
				GCC_WARN_UNUSED_VARIABLE = YES;
				IPHONEOS_DEPLOYMENT_TARGET = 12.1;
				MTL_ENABLE_DEBUG_INFO = NO;
				MTL_FAST_MATH = YES;
				SDKROOT = iphoneos;
				VALIDATE_PRODUCT = YES;
			};
			name = Release;
		};
		7EEC13BB21F9B9E80087CA8C /* Debug */ = {
			isa = XCBuildConfiguration;
			baseConfigurationReference = EDA1E62AA847ECE941A20516 /* Pods-NativeForIos.debug.xcconfig */;
			buildSettings = {
				ASSETCATALOG_COMPILER_APPICON_NAME = AppIcon;
				CODE_SIGN_STYLE = Automatic;
				INFOPLIST_FILE = NativeForIos/Info.plist;
				LD_RUNPATH_SEARCH_PATHS = (
					"$(inherited)",
					"@executable_path/Frameworks",
				);
				PRODUCT_BUNDLE_IDENTIFIER = "-23.NativeForIos";
				PRODUCT_NAME = "$(TARGET_NAME)";
				TARGETED_DEVICE_FAMILY = "1,2";
			};
			name = Debug;
		};
		7EEC13BC21F9B9E80087CA8C /* Release */ = {
			isa = XCBuildConfiguration;
			baseConfigurationReference = 20586AF4510A2314D07665AA /* Pods-NativeForIos.release.xcconfig */;
			buildSettings = {
				ASSETCATALOG_COMPILER_APPICON_NAME = AppIcon;
				CODE_SIGN_STYLE = Automatic;
				INFOPLIST_FILE = NativeForIos/Info.plist;
				LD_RUNPATH_SEARCH_PATHS = (
					"$(inherited)",
					"@executable_path/Frameworks",
				);
				PRODUCT_BUNDLE_IDENTIFIER = "-23.NativeForIos";
				PRODUCT_NAME = "$(TARGET_NAME)";
				TARGETED_DEVICE_FAMILY = "1,2";
			};
			name = Release;
		};
/* End XCBuildConfiguration section */

/* Begin XCConfigurationList section */
		7EEC139F21F9B9E60087CA8C /* Build configuration list for PBXProject "NativeForIos" */ = {
			isa = XCConfigurationList;
			buildConfigurations = (
				7EEC13B821F9B9E80087CA8C /* Debug */,
				7EEC13B921F9B9E80087CA8C /* Release */,
			);
			defaultConfigurationIsVisible = 0;
			defaultConfigurationName = Release;
		};
		7EEC13BA21F9B9E80087CA8C /* Build configuration list for PBXNativeTarget "NativeForIos" */ = {
			isa = XCConfigurationList;
			buildConfigurations = (
				7EEC13BB21F9B9E80087CA8C /* Debug */,
				7EEC13BC21F9B9E80087CA8C /* Release */,
			);
			defaultConfigurationIsVisible = 0;
			defaultConfigurationName = Release;
		};
/* End XCConfigurationList section */
	};
	rootObject = 7EEC139C21F9B9E60087CA8C /* Project object */;
}
